Microsoft Visual Studio Solution File, Format Version 12.00
# Visual Studio 15
Project("{8BC9CEB8-8B4A-11D0-8D11-00A0C91BC942}") = "ALL_BUILD", "ALL_BUILD.vcxproj", "{6814BA3C-2C06-3AD6-88A4-604A23B4D7ED}"
	ProjectSection(ProjectDependencies) = postProject
		{D0FB9A3F-551C-326F-AC4F-9768FB8E0D11} = {D0FB9A3F-551C-326F-AC4F-9768FB8E0D11}
		{28C22006-35D4-3A04-BB8B-54A58EB7E302} = {28C22006-35D4-3A04-BB8B-54A58EB7E302}
	EndProjectSection
EndProject
Project("{8BC9CEB8-8B4A-11D0-8D11-00A0C91BC942}") = "ChatServer", "ChatServer.vcxproj", "{D0FB9A3F-551C-326F-AC4F-9768FB8E0D11}"
	ProjectSection(ProjectDependencies) = postProject
		{28C22006-35D4-3A04-BB8B-54A58EB7E302} = {28C22006-35D4-3A04-BB8B-54A58EB7E302}
	EndProjectSection
EndProject
Project("{8BC9CEB8-8B4A-11D0-8D11-00A0C91BC942}") = "ZERO_CHECK", "ZERO_CHECK.vcxproj", "{28C22006-35D4-3A04-BB8B-54A58EB7E302}"
	ProjectSection(ProjectDependencies) = postProject
	EndProjectSection
EndProject
Global
	GlobalSection(SolutionConfigurationPlatforms) = preSolution
		Debug|Win32 = Debug|Win32
		Release|Win32 = Release|Win32
		MinSizeRel|Win32 = MinSizeRel|Win32
		RelWithDebInfo|Win32 = RelWithDebInfo|Win32
	EndGlobalSection
	GlobalSection(ProjectConfigurationPlatforms) = postSolution
		{6814BA3C-2C06-3AD6-88A4-604A23B4D7ED}.Debug|Win32.ActiveCfg = Debug|Win32
		{6814BA3C-2C06-3AD6-88A4-604A23B4D7ED}.Release|Win32.ActiveCfg = Release|Win32
		{6814BA3C-2C06-3AD6-88A4-604A23B4D7ED}.MinSizeRel|Win32.ActiveCfg = MinSizeRel|Win32
		{6814BA3C-2C06-3AD6-88A4-604A23B4D7ED}.RelWithDebInfo|Win32.ActiveCfg = RelWithDebInfo|Win32
		{D0FB9A3F-551C-326F-AC4F-9768FB8E0D11}.Debug|Win32.ActiveCfg = Debug|Win32
		{D0FB9A3F-551C-326F-AC4F-9768FB8E0D11}.Debug|Win32.Build.0 = Debug|Win32
		{D0FB9A3F-551C-326F-AC4F-9768FB8E0D11}.Release|Win32.ActiveCfg = Release|Win32
		{D0FB9A3F-551C-326F-AC4F-9768FB8E0D11}.Release|Win32.Build.0 = Release|Win32
		{D0FB9A3F-551C-326F-AC4F-9768FB8E0D11}.MinSizeRel|Win32.ActiveCfg = MinSizeRel|Win32
		{D0FB9A3F-551C-326F-AC4F-9768FB8E0D11}.MinSizeRel|Win32.Build.0 = MinSizeRel|Win32
		{D0FB9A3F-551C-326F-AC4F-9768FB8E0D11}.RelWithDebInfo|Win32.ActiveCfg = RelWithDebInfo|Win32
		{D0FB9A3F-551C-326F-AC4F-9768FB8E0D11}.RelWithDebInfo|Win32.Build.0 = RelWithDebInfo|Win32
		{28C22006-35D4-3A04-BB8B-54A58EB7E302}.Debug|Win32.ActiveCfg = Debug|Win32
		{28C22006-35D4-3A04-BB8B-54A58EB7E302}.Debug|Win32.Build.0 = Debug|Win32
		{28C22006-35D4-3A04-BB8B-54A58EB7E302}.Release|Win32.ActiveCfg = Release|Win32
		{28C22006-35D4-3A04-BB8B-54A58EB7E302}.Release|Win32.Build.0 = Release|Win32
		{28C22006-35D4-3A04-BB8B-54A58EB7E302}.MinSizeRel|Win32.ActiveCfg = MinSizeRel|Win32
		{28C22006-35D4-3A04-BB8B-54A58EB7E302}.MinSizeRel|Win32.Build.0 = MinSizeRel|Win32
		{28C22006-35D4-3A04-BB8B-54A58EB7E302}.RelWithDebInfo|Win32.ActiveCfg = RelWithDebInfo|Win32
		{28C22006-35D4-3A04-BB8B-54A58EB7E302}.RelWithDebInfo|Win32.Build.0 = RelWithDebInfo|Win32
	EndGlobalSection
	GlobalSection(ExtensibilityGlobals) = postSolution
		SolutionGuid = {9B860579-204A-3E8E-9E02-BB003A52AD13}
	EndGlobalSection
	GlobalSection(ExtensibilityAddIns) = postSolution
	EndGlobalSection
EndGlobal
