<?xml version="1.0" encoding="utf-8"?>
<Project ToolsVersion="15.0" xmlns="http://schemas.microsoft.com/developer/msbuild/2003">
  <ItemGroup>
    <ClCompile Include="C:\Users\JereTuo\Documents\Projects\NetworkUnityProject\SDLServer\src\Main.cpp">
      <Filter>Source Files</Filter>
    </ClCompile>
  </ItemGroup>
  <ItemGroup>
    <CustomBuild Include="C:\Users\JereTuo\Documents\Projects\NetworkUnityProject\SDLServer\CMakeLists.txt" />
  </ItemGroup>
  <ItemGroup>
    <Filter Include="Source Files">
      <UniqueIdentifier>{5CFC92EF-B6AC-329C-9D15-07311D3B3E80}</UniqueIdentifier>
    </Filter>
  </ItemGroup>
</Project>
