<?xml version="1.0" encoding="utf-8"?>
<Project ToolsVersion="15.0" xmlns="http://schemas.microsoft.com/developer/msbuild/2003">
  <ItemGroup>
    <ClCompile Include="D:\Game Projects\chatunityprogram\SDLServer\src\Main.cpp">
      <Filter>Source Files</Filter>
    </ClCompile>
  </ItemGroup>
  <ItemGroup>
    <CustomBuild Include="D:\Game Projects\chatunityprogram\SDLServer\CMakeLists.txt" />
  </ItemGroup>
  <ItemGroup>
    <Filter Include="Source Files">
      <UniqueIdentifier>{B07A9FA7-D3E6-3BDF-A12E-DF9643452F92}</UniqueIdentifier>
    </Filter>
  </ItemGroup>
</Project>
