<?xml version="1.0" encoding="utf-8"?>
<Project ToolsVersion="15.0" xmlns="http://schemas.microsoft.com/developer/msbuild/2003">
  <ItemGroup>
    <CustomBuild Include="D:\Game Projects\chatunityprogram\SDLServer\CMakeFiles\482c6efd778a7021b21cf47bd10f7cbd\generate.stamp.rule">
      <Filter>CMake Rules</Filter>
    </CustomBuild>
  </ItemGroup>
  <ItemGroup>
    <Filter Include="CMake Rules">
      <UniqueIdentifier>{071200A0-4985-3F3E-BC45-E5784236B78B}</UniqueIdentifier>
    </Filter>
  </ItemGroup>
</Project>
